
Microsoft Visual Studio Solution File, Format Version 12.00
# Visual Studio Version 16
VisualStudioVersion = 16.0.30104.148
MinimumVisualStudioVersion = 10.0.40219.1
Project("{FAE04EC0-301F-11D3-BF4B-00C04F79EFBC}") = "Taxem", "Taxem\Taxem.csproj", "{321114D5-6DA1-4427-8BD8-5F8A450914C6}"
EndProject
Project("{2150E333-8FDC-42A3-9474-1A3956D46DE8}") = "Solution Items", "Solution Items", "{16483C87-4D8C-40A9-96C1-D7FCFA19976C}"
	ProjectSection(SolutionItems) = preProject
		.editorconfig = .editorconfig
	EndProjectSection
EndProject
Project("{9A19103F-16F7-4668-BE54-9A1E7A4F7556}") = "Taxem.Checks", "Taxem.Checks\Taxem.Checks.csproj", "{DCD7D5F1-A052-4F12-909E-339FDC9A245A}"
EndProject
Global
	GlobalSection(SolutionConfigurationPlatforms) = preSolution
		Debug|Any CPU = Debug|Any CPU
		Debug|x64 = Debug|x64
		Release|Any CPU = Release|Any CPU
		Release|x64 = Release|x64
	EndGlobalSection
	GlobalSection(ProjectConfigurationPlatforms) = postSolution
		{321114D5-6DA1-4427-8BD8-5F8A450914C6}.Debug|Any CPU.ActiveCfg = Debug|x64
		{321114D5-6DA1-4427-8BD8-5F8A450914C6}.Debug|x64.ActiveCfg = Debug|x64
		{321114D5-6DA1-4427-8BD8-5F8A450914C6}.Debug|x64.Build.0 = Debug|x64
		{321114D5-6DA1-4427-8BD8-5F8A450914C6}.Release|Any CPU.ActiveCfg = Release|x64
		{321114D5-6DA1-4427-8BD8-5F8A450914C6}.Release|x64.ActiveCfg = Release|x64
		{321114D5-6DA1-4427-8BD8-5F8A450914C6}.Release|x64.Build.0 = Release|x64
		{DCD7D5F1-A052-4F12-909E-339FDC9A245A}.Debug|Any CPU.ActiveCfg = Debug|x64
		{DCD7D5F1-A052-4F12-909E-339FDC9A245A}.Debug|x64.ActiveCfg = Debug|x64
		{DCD7D5F1-A052-4F12-909E-339FDC9A245A}.Debug|x64.Build.0 = Debug|x64
		{DCD7D5F1-A052-4F12-909E-339FDC9A245A}.Release|Any CPU.ActiveCfg = Release|x64
		{DCD7D5F1-A052-4F12-909E-339FDC9A245A}.Release|x64.ActiveCfg = Release|x64
		{DCD7D5F1-A052-4F12-909E-339FDC9A245A}.Release|x64.Build.0 = Release|x64
	EndGlobalSection
	GlobalSection(SolutionProperties) = preSolution
		HideSolutionNode = FALSE
	EndGlobalSection
	GlobalSection(ExtensibilityGlobals) = postSolution
		SolutionGuid = {6ACA3C92-3227-44D3-8DCF-117AE470EC5E}
	EndGlobalSection
EndGlobal
