
Microsoft Visual Studio Solution File, Format Version 12.00
# Visual Studio Version 16
VisualStudioVersion = 16.0.30104.148
MinimumVisualStudioVersion = 10.0.40219.1
Project("{FAE04EC0-301F-11D3-BF4B-00C04F79EFBC}") = "Taxem", "Taxem\Taxem.csproj", "{725CFE09-50E1-4CB7-AB3B-D80900558F29}"
EndProject
Global
	GlobalSection(SolutionConfigurationPlatforms) = preSolution
		Debug|Any CPU = Debug|Any CPU
		Release|Any CPU = Release|Any CPU
	EndGlobalSection
	GlobalSection(ProjectConfigurationPlatforms) = postSolution
		{725CFE09-50E1-4CB7-AB3B-D80900558F29}.Debug|Any CPU.ActiveCfg = Debug|Any CPU
		{725CFE09-50E1-4CB7-AB3B-D80900558F29}.Debug|Any CPU.Build.0 = Debug|Any CPU
		{725CFE09-50E1-4CB7-AB3B-D80900558F29}.Release|Any CPU.ActiveCfg = Release|Any CPU
		{725CFE09-50E1-4CB7-AB3B-D80900558F29}.Release|Any CPU.Build.0 = Release|Any CPU
	EndGlobalSection
	GlobalSection(SolutionProperties) = preSolution
		HideSolutionNode = FALSE
	EndGlobalSection
	GlobalSection(ExtensibilityGlobals) = postSolution
		SolutionGuid = {9C84AB0F-5EAF-4503-BC31-807336ECE372}
	EndGlobalSection
EndGlobal
